
Microsoft Visual Studio Solution File, Format Version 12.00
# Visual Studio 15
VisualStudioVersion = 15.0.27004.2005
MinimumVisualStudioVersion = 10.0.40219.1
Project("{FAE04EC0-301F-11D3-BF4B-00C04F79EFBC}") = "CA_DataUploader", "CA_DataUploader\CA_DataUploader.csproj", "{25FEC8A7-811E-4CA2-9AC4-EDA524DFA729}"
EndProject
Project("{FAE04EC0-301F-11D3-BF4B-00C04F79EFBC}") = "CA_DataUploaderLib", "CA_DataUploaderLib\CA_DataUploaderLib.csproj", "{A5644A35-6961-4D03-B2C2-57710DA71C90}"
EndProject
Project("{FAE04EC0-301F-11D3-BF4B-00C04F79EFBC}") = "CA_AverageTemperature", "CA_AverageTemperature\CA_AverageTemperature.csproj", "{C978284B-E108-4C6F-B5C8-AA2B52085B5E}"
EndProject
Project("{FAE04EC0-301F-11D3-BF4B-00C04F79EFBC}") = "ShowAvailableComPorts", "ShowAvailableComPorts\ShowAvailableComPorts.csproj", "{FE66C692-9A95-47D3-B262-241B9833D885}"
EndProject
Global
	GlobalSection(SolutionConfigurationPlatforms) = preSolution
		Debug|Any CPU = Debug|Any CPU
		Release|Any CPU = Release|Any CPU
	EndGlobalSection
	GlobalSection(ProjectConfigurationPlatforms) = postSolution
		{25FEC8A7-811E-4CA2-9AC4-EDA524DFA729}.Debug|Any CPU.ActiveCfg = Debug|Any CPU
		{25FEC8A7-811E-4CA2-9AC4-EDA524DFA729}.Debug|Any CPU.Build.0 = Debug|Any CPU
		{25FEC8A7-811E-4CA2-9AC4-EDA524DFA729}.Release|Any CPU.ActiveCfg = Release|Any CPU
		{25FEC8A7-811E-4CA2-9AC4-EDA524DFA729}.Release|Any CPU.Build.0 = Release|Any CPU
		{A5644A35-6961-4D03-B2C2-57710DA71C90}.Debug|Any CPU.ActiveCfg = Debug|Any CPU
		{A5644A35-6961-4D03-B2C2-57710DA71C90}.Debug|Any CPU.Build.0 = Debug|Any CPU
		{A5644A35-6961-4D03-B2C2-57710DA71C90}.Release|Any CPU.ActiveCfg = Release|Any CPU
		{A5644A35-6961-4D03-B2C2-57710DA71C90}.Release|Any CPU.Build.0 = Release|Any CPU
		{C978284B-E108-4C6F-B5C8-AA2B52085B5E}.Debug|Any CPU.ActiveCfg = Debug|Any CPU
		{C978284B-E108-4C6F-B5C8-AA2B52085B5E}.Debug|Any CPU.Build.0 = Debug|Any CPU
		{C978284B-E108-4C6F-B5C8-AA2B52085B5E}.Release|Any CPU.ActiveCfg = Release|Any CPU
		{C978284B-E108-4C6F-B5C8-AA2B52085B5E}.Release|Any CPU.Build.0 = Release|Any CPU
		{FE66C692-9A95-47D3-B262-241B9833D885}.Debug|Any CPU.ActiveCfg = Debug|Any CPU
		{FE66C692-9A95-47D3-B262-241B9833D885}.Debug|Any CPU.Build.0 = Debug|Any CPU
		{FE66C692-9A95-47D3-B262-241B9833D885}.Release|Any CPU.ActiveCfg = Release|Any CPU
		{FE66C692-9A95-47D3-B262-241B9833D885}.Release|Any CPU.Build.0 = Release|Any CPU
	EndGlobalSection
	GlobalSection(SolutionProperties) = preSolution
		HideSolutionNode = FALSE
	EndGlobalSection
	GlobalSection(ExtensibilityGlobals) = postSolution
		SolutionGuid = {71B6B0EC-79F1-4349-B0E0-9E499FAC26BB}
	EndGlobalSection
EndGlobal
